// !$*UTF8*$!
{
	archiveVersion = 1;
	classes = {
	};
	objectVersion = 50;
	objects = {

/* Begin PBXBuildFile section */
		9D2CA4A026FA9C98007A556C /* AppDelegate.swift in Sources */ = {isa = PBXBuildFile; fileRef = 9D2CA49F26FA9C98007A556C /* AppDelegate.swift */; };
		9D2CA4A226FA9C98007A556C /* SceneDelegate.swift in Sources */ = {isa = PBXBuildFile; fileRef = 9D2CA4A126FA9C98007A556C /* SceneDelegate.swift */; };
		9D2CA4A426FA9C98007A556C /* ViewController.swift in Sources */ = {isa = PBXBuildFile; fileRef = 9D2CA4A326FA9C98007A556C /* ViewController.swift */; };
		9D2CA4A926FA9C9A007A556C /* Assets.xcassets in Resources */ = {isa = PBXBuildFile; fileRef = 9D2CA4A826FA9C9A007A556C /* Assets.xcassets */; };
		9D2CA4AC26FA9C9A007A556C /* LaunchScreen.storyboard in Resources */ = {isa = PBXBuildFile; fileRef = 9D2CA4AA26FA9C9A007A556C /* LaunchScreen.storyboard */; };
		9D2CA4B526FA9EF5007A556C /* DropDownCell.swift in Sources */ = {isa = PBXBuildFile; fileRef = 9D2CA4B426FA9EF5007A556C /* DropDownCell.swift */; };
		9D2CA4DE26FB5063007A556C /* Colors.swift in Sources */ = {isa = PBXBuildFile; fileRef = 9D2CA4DD26FB5063007A556C /* Colors.swift */; };
/* End PBXBuildFile section */

/* Begin PBXFileReference section */
		9D2CA49C26FA9C98007A556C /* DropDownMenuTutorial.app */ = {isa = PBXFileReference; explicitFileType = wrapper.application; includeInIndex = 0; path = DropDownMenuTutorial.app; sourceTree = BUILT_PRODUCTS_DIR; };
		9D2CA49F26FA9C98007A556C /* AppDelegate.swift */ = {isa = PBXFileReference; lastKnownFileType = sourcecode.swift; path = AppDelegate.swift; sourceTree = "<group>"; };
		9D2CA4A126FA9C98007A556C /* SceneDelegate.swift */ = {isa = PBXFileReference; lastKnownFileType = sourcecode.swift; path = SceneDelegate.swift; sourceTree = "<group>"; };
		9D2CA4A326FA9C98007A556C /* ViewController.swift */ = {isa = PBXFileReference; lastKnownFileType = sourcecode.swift; path = ViewController.swift; sourceTree = "<group>"; };
		9D2CA4A826FA9C9A007A556C /* Assets.xcassets */ = {isa = PBXFileReference; lastKnownFileType = folder.assetcatalog; path = Assets.xcassets; sourceTree = "<group>"; };
		9D2CA4AB26FA9C9A007A556C /* Base */ = {isa = PBXFileReference; lastKnownFileType = file.storyboard; name = Base; path = Base.lproj/LaunchScreen.storyboard; sourceTree = "<group>"; };
		9D2CA4AD26FA9C9A007A556C /* Info.plist */ = {isa = PBXFileReference; lastKnownFileType = text.plist.xml; path = Info.plist; sourceTree = "<group>"; };
		9D2CA4B426FA9EF5007A556C /* DropDownCell.swift */ = {isa = PBXFileReference; lastKnownFileType = sourcecode.swift; path = DropDownCell.swift; sourceTree = "<group>"; };
		9D2CA4DD26FB5063007A556C /* Colors.swift */ = {isa = PBXFileReference; lastKnownFileType = sourcecode.swift; path = Colors.swift; sourceTree = "<group>"; };
/* End PBXFileReference section */

/* Begin PBXFrameworksBuildPhase section */
		9D2CA49926FA9C98007A556C /* Frameworks */ = {
			isa = PBXFrameworksBuildPhase;
			buildActionMask = 2147483647;
			files = (
			);
			runOnlyForDeploymentPostprocessing = 0;
		};
/* End PBXFrameworksBuildPhase section */

/* Begin PBXGroup section */
		9D2CA49326FA9C98007A556C = {
			isa = PBXGroup;
			children = (
				9D2CA49E26FA9C98007A556C /* DropDownMenuTutorial */,
				9D2CA49D26FA9C98007A556C /* Products */,
			);
			sourceTree = "<group>";
		};
		9D2CA49D26FA9C98007A556C /* Products */ = {
			isa = PBXGroup;
			children = (
				9D2CA49C26FA9C98007A556C /* DropDownMenuTutorial.app */,
			);
			name = Products;
			sourceTree = "<group>";
		};
		9D2CA49E26FA9C98007A556C /* DropDownMenuTutorial */ = {
			isa = PBXGroup;
			children = (
				9D2CA49F26FA9C98007A556C /* AppDelegate.swift */,
				9D2CA4A126FA9C98007A556C /* SceneDelegate.swift */,
				9D2CA4DD26FB5063007A556C /* Colors.swift */,
				9D2CA4A326FA9C98007A556C /* ViewController.swift */,
				9D2CA4B426FA9EF5007A556C /* DropDownCell.swift */,
				9D2CA4A826FA9C9A007A556C /* Assets.xcassets */,
				9D2CA4AA26FA9C9A007A556C /* LaunchScreen.storyboard */,
				9D2CA4AD26FA9C9A007A556C /* Info.plist */,
			);
			path = DropDownMenuTutorial;
			sourceTree = "<group>";
		};
/* End PBXGroup section */

/* Begin PBXNativeTarget section */
		9D2CA49B26FA9C98007A556C /* DropDownMenuTutorial */ = {
			isa = PBXNativeTarget;
			buildConfigurationList = 9D2CA4B026FA9C9A007A556C /* Build configuration list for PBXNativeTarget "DropDownMenuTutorial" */;
			buildPhases = (
				9D2CA49826FA9C98007A556C /* Sources */,
				9D2CA49926FA9C98007A556C /* Frameworks */,
				9D2CA49A26FA9C98007A556C /* Resources */,
			);
			buildRules = (
			);
			dependencies = (
			);
			name = DropDownMenuTutorial;
			productName = DropDownMenuTutorial;
			productReference = 9D2CA49C26FA9C98007A556C /* DropDownMenuTutorial.app */;
			productType = "com.apple.product-type.application";
		};
/* End PBXNativeTarget section */

/* Begin PBXProject section */
		9D2CA49426FA9C98007A556C /* Project object */ = {
			isa = PBXProject;
			attributes = {
				LastSwiftUpdateCheck = 1240;
				LastUpgradeCheck = 1240;
				TargetAttributes = {
					9D2CA49B26FA9C98007A556C = {
						CreatedOnToolsVersion = 12.4;
					};
				};
			};
			buildConfigurationList = 9D2CA49726FA9C98007A556C /* Build configuration list for PBXProject "DropDownMenuTutorial" */;
			compatibilityVersion = "Xcode 9.3";
			developmentRegion = en;
			hasScannedForEncodings = 0;
			knownRegions = (
				en,
				Base,
			);
			mainGroup = 9D2CA49326FA9C98007A556C;
			productRefGroup = 9D2CA49D26FA9C98007A556C /* Products */;
			projectDirPath = "";
			projectRoot = "";
			targets = (
				9D2CA49B26FA9C98007A556C /* DropDownMenuTutorial */,
			);
		};
/* End PBXProject section */

/* Begin PBXResourcesBuildPhase section */
		9D2CA49A26FA9C98007A556C /* Resources */ = {
			isa = PBXResourcesBuildPhase;
			buildActionMask = 2147483647;
			files = (
				9D2CA4AC26FA9C9A007A556C /* LaunchScreen.storyboard in Resources */,
				9D2CA4A926FA9C9A007A556C /* Assets.xcassets in Resources */,
			);
			runOnlyForDeploymentPostprocessing = 0;
		};
/* End PBXResourcesBuildPhase section */

/* Begin PBXSourcesBuildPhase section */
		9D2CA49826FA9C98007A556C /* Sources */ = {
			isa = PBXSourcesBuildPhase;
			buildActionMask = 2147483647;
			files = (
				9D2CA4A426FA9C98007A556C /* ViewController.swift in Sources */,
				9D2CA4DE26FB5063007A556C /* Colors.swift in Sources */,
				9D2CA4A026FA9C98007A556C /* AppDelegate.swift in Sources */,
				9D2CA4B526FA9EF5007A556C /* DropDownCell.swift in Sources */,
				9D2CA4A226FA9C98007A556C /* SceneDelegate.swift in Sources */,
			);
			runOnlyForDeploymentPostprocessing = 0;
		};
/* End PBXSourcesBuildPhase section */

/* Begin PBXVariantGroup section */
		9D2CA4AA26FA9C9A007A556C /* LaunchScreen.storyboard */ = {
			isa = PBXVariantGroup;
			children = (
				9D2CA4AB26FA9C9A007A556C /* Base */,
			);
			name = LaunchScreen.storyboard;
			sourceTree = "<group>";
		};
/* End PBXVariantGroup section */

/* Begin XCBuildConfiguration section */
		9D2CA4AE26FA9C9A007A556C /* Debug */ = {
			isa = XCBuildConfiguration;
			buildSettings = {
				ALWAYS_SEARCH_USER_PATHS = NO;
				CLANG_ANALYZER_NONNULL = YES;
				CLANG_ANALYZER_NUMBER_OBJECT_CONVERSION = YES_AGGRESSIVE;
				CLANG_CXX_LANGUAGE_STANDARD = "gnu++14";
				CLANG_CXX_LIBRARY = "libc++";
				CLANG_ENABLE_MODULES = YES;
				CLANG_ENABLE_OBJC_ARC = YES;
				CLANG_ENABLE_OBJC_WEAK = YES;
				CLANG_WARN_BLOCK_CAPTURE_AUTORELEASING = YES;
				CLANG_WARN_BOOL_CONVERSION = YES;
				CLANG_WARN_COMMA = YES;
				CLANG_WARN_CONSTANT_CONVERSION = YES;
				CLANG_WARN_DEPRECATED_OBJC_IMPLEMENTATIONS = YES;
				CLANG_WARN_DIRECT_OBJC_ISA_USAGE = YES_ERROR;
				CLANG_WARN_DOCUMENTATION_COMMENTS = YES;
				CLANG_WARN_EMPTY_BODY = YES;
				CLANG_WARN_ENUM_CONVERSION = YES;
				CLANG_WARN_INFINITE_RECURSION = YES;
				CLANG_WARN_INT_CONVERSION = YES;
				CLANG_WARN_NON_LITERAL_NULL_CONVERSION = YES;
				CLANG_WARN_OBJC_IMPLICIT_RETAIN_SELF = YES;
				CLANG_WARN_OBJC_LITERAL_CONVERSION = YES;
				CLANG_WARN_OBJC_ROOT_CLASS = YES_ERROR;
				CLANG_WARN_QUOTED_INCLUDE_IN_FRAMEWORK_HEADER = YES;
				CLANG_WARN_RANGE_LOOP_ANALYSIS = YES;
				CLANG_WARN_STRICT_PROTOTYPES = YES;
				CLANG_WARN_SUSPICIOUS_MOVE = YES;
				CLANG_WARN_UNGUARDED_AVAILABILITY = YES_AGGRESSIVE;
				CLANG_WARN_UNREACHABLE_CODE = YES;
				CLANG_WARN__DUPLICATE_METHOD_MATCH = YES;
				COPY_PHASE_STRIP = NO;
				DEBUG_INFORMATION_FORMAT = dwarf;
				ENABLE_STRICT_OBJC_MSGSEND = YES;
				ENABLE_TESTABILITY = YES;
				GCC_C_LANGUAGE_STANDARD = gnu11;
				GCC_DYNAMIC_NO_PIC = NO;
				GCC_NO_COMMON_BLOCKS = YES;
				GCC_OPTIMIZATION_LEVEL = 0;
				GCC_PREPROCESSOR_DEFINITIONS = (
					"DEBUG=1",
					"$(inherited)",
				);
				GCC_WARN_64_TO_32_BIT_CONVERSION = YES;
				GCC_WARN_ABOUT_RETURN_TYPE = YES_ERROR;
				GCC_WARN_UNDECLARED_SELECTOR = YES;
				GCC_WARN_UNINITIALIZED_AUTOS = YES_AGGRESSIVE;
				GCC_WARN_UNUSED_FUNCTION = YES;
				GCC_WARN_UNUSED_VARIABLE = YES;
				IPHONEOS_DEPLOYMENT_TARGET = 14.4;
				MTL_ENABLE_DEBUG_INFO = INCLUDE_SOURCE;
				MTL_FAST_MATH = YES;
				ONLY_ACTIVE_ARCH = YES;
				SDKROOT = iphoneos;
				SWIFT_ACTIVE_COMPILATION_CONDITIONS = DEBUG;
				SWIFT_OPTIMIZATION_LEVEL = "-Onone";
			};
			name = Debug;
		};
		9D2CA4AF26FA9C9A007A556C /* Release */ = {
			isa = XCBuildConfiguration;
			buildSettings = {
				ALWAYS_SEARCH_USER_PATHS = NO;
				CLANG_ANALYZER_NONNULL = YES;
				CLANG_ANALYZER_NUMBER_OBJECT_CONVERSION = YES_AGGRESSIVE;
				CLANG_CXX_LANGUAGE_STANDARD = "gnu++14";
				CLANG_CXX_LIBRARY = "libc++";
				CLANG_ENABLE_MODULES = YES;
				CLANG_ENABLE_OBJC_ARC = YES;
				CLANG_ENABLE_OBJC_WEAK = YES;
				CLANG_WARN_BLOCK_CAPTURE_AUTORELEASING = YES;
				CLANG_WARN_BOOL_CONVERSION = YES;
				CLANG_WARN_COMMA = YES;
				CLANG_WARN_CONSTANT_CONVERSION = YES;
				CLANG_WARN_DEPRECATED_OBJC_IMPLEMENTATIONS = YES;
				CLANG_WARN_DIRECT_OBJC_ISA_USAGE = YES_ERROR;
				CLANG_WARN_DOCUMENTATION_COMMENTS = YES;
				CLANG_WARN_EMPTY_BODY = YES;
				CLANG_WARN_ENUM_CONVERSION = YES;
				CLANG_WARN_INFINITE_RECURSION = YES;
				CLANG_WARN_INT_CONVERSION = YES;
				CLANG_WARN_NON_LITERAL_NULL_CONVERSION = YES;
				CLANG_WARN_OBJC_IMPLICIT_RETAIN_SELF = YES;
				CLANG_WARN_OBJC_LITERAL_CONVERSION = YES;
				CLANG_WARN_OBJC_ROOT_CLASS = YES_ERROR;
				CLANG_WARN_QUOTED_INCLUDE_IN_FRAMEWORK_HEADER = YES;
				CLANG_WARN_RANGE_LOOP_ANALYSIS = YES;
				CLANG_WARN_STRICT_PROTOTYPES = YES;
				CLANG_WARN_SUSPICIOUS_MOVE = YES;
				CLANG_WARN_UNGUARDED_AVAILABILITY = YES_AGGRESSIVE;
				CLANG_WARN_UNREACHABLE_CODE = YES;
				CLANG_WARN__DUPLICATE_METHOD_MATCH = YES;
				COPY_PHASE_STRIP = NO;
				DEBUG_INFORMATION_FORMAT = "dwarf-with-dsym";
				ENABLE_NS_ASSERTIONS = NO;
				ENABLE_STRICT_OBJC_MSGSEND = YES;
				GCC_C_LANGUAGE_STANDARD = gnu11;
				GCC_NO_COMMON_BLOCKS = YES;
				GCC_WARN_64_TO_32_BIT_CONVERSION = YES;
				GCC_WARN_ABOUT_RETURN_TYPE = YES_ERROR;
				GCC_WARN_UNDECLARED_SELECTOR = YES;
				GCC_WARN_UNINITIALIZED_AUTOS = YES_AGGRESSIVE;
				GCC_WARN_UNUSED_FUNCTION = YES;
				GCC_WARN_UNUSED_VARIABLE = YES;
				IPHONEOS_DEPLOYMENT_TARGET = 14.4;
				MTL_ENABLE_DEBUG_INFO = NO;
				MTL_FAST_MATH = YES;
				SDKROOT = iphoneos;
				SWIFT_COMPILATION_MODE = wholemodule;
				SWIFT_OPTIMIZATION_LEVEL = "-O";
				VALIDATE_PRODUCT = YES;
			};
			name = Release;
		};
		9D2CA4B126FA9C9A007A556C /* Debug */ = {
			isa = XCBuildConfiguration;
			buildSettings = {
				ASSETCATALOG_COMPILER_APPICON_NAME = AppIcon;
				ASSETCATALOG_COMPILER_GLOBAL_ACCENT_COLOR_NAME = AccentColor;
				CODE_SIGN_STYLE = Automatic;
				INFOPLIST_FILE = DropDownMenuTutorial/Info.plist;
				LD_RUNPATH_SEARCH_PATHS = (
					"$(inherited)",
					"@executable_path/Frameworks",
				);
				PRODUCT_BUNDLE_IDENTIFIER = PaoloProdossimoLopes.DropDownMenuTutorial;
				PRODUCT_NAME = "$(TARGET_NAME)";
				SWIFT_VERSION = 5.0;
				TARGETED_DEVICE_FAMILY = "1,2";
			};
			name = Debug;
		};
		9D2CA4B226FA9C9A007A556C /* Release */ = {
			isa = XCBuildConfiguration;
			buildSettings = {
				ASSETCATALOG_COMPILER_APPICON_NAME = AppIcon;
				ASSETCATALOG_COMPILER_GLOBAL_ACCENT_COLOR_NAME = AccentColor;
				CODE_SIGN_STYLE = Automatic;
				INFOPLIST_FILE = DropDownMenuTutorial/Info.plist;
				LD_RUNPATH_SEARCH_PATHS = (
					"$(inherited)",
					"@executable_path/Frameworks",
				);
				PRODUCT_BUNDLE_IDENTIFIER = PaoloProdossimoLopes.DropDownMenuTutorial;
				PRODUCT_NAME = "$(TARGET_NAME)";
				SWIFT_VERSION = 5.0;
				TARGETED_DEVICE_FAMILY = "1,2";
			};
			name = Release;
		};
/* End XCBuildConfiguration section */

/* Begin XCConfigurationList section */
		9D2CA49726FA9C98007A556C /* Build configuration list for PBXProject "DropDownMenuTutorial" */ = {
			isa = XCConfigurationList;
			buildConfigurations = (
				9D2CA4AE26FA9C9A007A556C /* Debug */,
				9D2CA4AF26FA9C9A007A556C /* Release */,
			);
			defaultConfigurationIsVisible = 0;
			defaultConfigurationName = Release;
		};
		9D2CA4B026FA9C9A007A556C /* Build configuration list for PBXNativeTarget "DropDownMenuTutorial" */ = {
			isa = XCConfigurationList;
			buildConfigurations = (
				9D2CA4B126FA9C9A007A556C /* Debug */,
				9D2CA4B226FA9C9A007A556C /* Release */,
			);
			defaultConfigurationIsVisible = 0;
			defaultConfigurationName = Release;
		};
/* End XCConfigurationList section */
	};
	rootObject = 9D2CA49426FA9C98007A556C /* Project object */;
}
